
Microsoft Visual Studio Solution File, Format Version 12.00
# Visual Studio Version 17
VisualStudioVersion = 17.0.32014.148
MinimumVisualStudioVersion = 10.0.40219.1
Project("{8BC9CEB8-8B4A-11D0-8D11-00A0C91BC942}") = "Dungeons", "Dungeons\Dungeons.vcxproj", "{AC13E295-9445-4E1B-884D-8F16A9ADE760}"
EndProject
Global
	GlobalSection(SolutionConfigurationPlatforms) = preSolution
		Debug|x64 = Debug|x64
		Debug|x86 = Debug|x86
		Release|x64 = Release|x64
		Release|x86 = Release|x86
	EndGlobalSection
	GlobalSection(ProjectConfigurationPlatforms) = postSolution
		{AC13E295-9445-4E1B-884D-8F16A9ADE760}.Debug|x64.ActiveCfg = Debug|x64
		{AC13E295-9445-4E1B-884D-8F16A9ADE760}.Debug|x64.Build.0 = Debug|x64
		{AC13E295-9445-4E1B-884D-8F16A9ADE760}.Debug|x86.ActiveCfg = Debug|Win32
		{AC13E295-9445-4E1B-884D-8F16A9ADE760}.Debug|x86.Build.0 = Debug|Win32
		{AC13E295-9445-4E1B-884D-8F16A9ADE760}.Release|x64.ActiveCfg = Release|x64
		{AC13E295-9445-4E1B-884D-8F16A9ADE760}.Release|x64.Build.0 = Release|x64
		{AC13E295-9445-4E1B-884D-8F16A9ADE760}.Release|x86.ActiveCfg = Release|Win32
		{AC13E295-9445-4E1B-884D-8F16A9ADE760}.Release|x86.Build.0 = Release|Win32
	EndGlobalSection
	GlobalSection(SolutionProperties) = preSolution
		HideSolutionNode = FALSE
	EndGlobalSection
	GlobalSection(ExtensibilityGlobals) = postSolution
		SolutionGuid = {6B983BC2-44F9-4645-BD39-061565D7A7B1}
	EndGlobalSection
EndGlobal
